
Microsoft Visual Studio Solution File, Format Version 12.00
# Visual Studio Version 17
VisualStudioVersion = 17.2.32630.192
MinimumVisualStudioVersion = 10.0.40219.1
Project("{FAE04EC0-301F-11D3-BF4B-00C04F79EFBC}") = "TodoApp.Web", "TodoApp.Web\TodoApp.Web.csproj", "{B4CDB1EB-E081-4130-8300-3C612CB8594E}"
EndProject
Global
	GlobalSection(SolutionConfigurationPlatforms) = preSolution
		Debug|Any CPU = Debug|Any CPU
		Release|Any CPU = Release|Any CPU
	EndGlobalSection
	GlobalSection(ProjectConfigurationPlatforms) = postSolution
		{B4CDB1EB-E081-4130-8300-3C612CB8594E}.Debug|Any CPU.ActiveCfg = Debug|Any CPU
		{B4CDB1EB-E081-4130-8300-3C612CB8594E}.Debug|Any CPU.Build.0 = Debug|Any CPU
		{B4CDB1EB-E081-4130-8300-3C612CB8594E}.Release|Any CPU.ActiveCfg = Release|Any CPU
		{B4CDB1EB-E081-4130-8300-3C612CB8594E}.Release|Any CPU.Build.0 = Release|Any CPU
	EndGlobalSection
	GlobalSection(SolutionProperties) = preSolution
		HideSolutionNode = FALSE
	EndGlobalSection
	GlobalSection(ExtensibilityGlobals) = postSolution
		SolutionGuid = {852845E6-792F-4B93-AD2A-C766E5BC293B}
	EndGlobalSection
EndGlobal
